// !$*UTF8*$!
{
	archiveVersion = 1;
	classes = {
	};
	objectVersion = 77;
	objects = {

/* Begin PBXContainerItemProxy section */
		DDA5AF3F2CE168C5005EE4F8 /* PBXContainerItemProxy */ = {
			isa = PBXContainerItemProxy;
			containerPortal = DDA5AF1D2CE168C3005EE4F8 /* Project object */;
			proxyType = 1;
			remoteGlobalIDString = DDA5AF242CE168C3005EE4F8;
			remoteInfo = "Space Destroyers";
		};
		DDA5AF492CE168C5005EE4F8 /* PBXContainerItemProxy */ = {
			isa = PBXContainerItemProxy;
			containerPortal = DDA5AF1D2CE168C3005EE4F8 /* Project object */;
			proxyType = 1;
			remoteGlobalIDString = DDA5AF242CE168C3005EE4F8;
			remoteInfo = "Space Destroyers";
		};
/* End PBXContainerItemProxy section */

/* Begin PBXFileReference section */
		DDA5AF252CE168C3005EE4F8 /* Space Destroyers.app */ = {isa = PBXFileReference; explicitFileType = wrapper.application; includeInIndex = 0; path = "Space Destroyers.app"; sourceTree = BUILT_PRODUCTS_DIR; };
		DDA5AF3E2CE168C5005EE4F8 /* Space DestroyersTests.xctest */ = {isa = PBXFileReference; explicitFileType = wrapper.cfbundle; includeInIndex = 0; path = "Space DestroyersTests.xctest"; sourceTree = BUILT_PRODUCTS_DIR; };
		DDA5AF482CE168C5005EE4F8 /* Space DestroyersUITests.xctest */ = {isa = PBXFileReference; explicitFileType = wrapper.cfbundle; includeInIndex = 0; path = "Space DestroyersUITests.xctest"; sourceTree = BUILT_PRODUCTS_DIR; };
/* End PBXFileReference section */

/* Begin PBXFileSystemSynchronizedRootGroup section */
		DDA5AF272CE168C3005EE4F8 /* Space Destroyers */ = {
			isa = PBXFileSystemSynchronizedRootGroup;
			path = "Space Destroyers";
			sourceTree = "<group>";
		};
		DDA5AF412CE168C5005EE4F8 /* Space DestroyersTests */ = {
			isa = PBXFileSystemSynchronizedRootGroup;
			path = "Space DestroyersTests";
			sourceTree = "<group>";
		};
		DDA5AF4B2CE168C5005EE4F8 /* Space DestroyersUITests */ = {
			isa = PBXFileSystemSynchronizedRootGroup;
			path = "Space DestroyersUITests";
			sourceTree = "<group>";
		};
/* End PBXFileSystemSynchronizedRootGroup section */

/* Begin PBXFrameworksBuildPhase section */
		DDA5AF222CE168C3005EE4F8 /* Frameworks */ = {
			isa = PBXFrameworksBuildPhase;
			buildActionMask = 2147483647;
			files = (
			);
			runOnlyForDeploymentPostprocessing = 0;
		};
		DDA5AF3B2CE168C5005EE4F8 /* Frameworks */ = {
			isa = PBXFrameworksBuildPhase;
			buildActionMask = 2147483647;
			files = (
			);
			runOnlyForDeploymentPostprocessing = 0;
		};
		DDA5AF452CE168C5005EE4F8 /* Frameworks */ = {
			isa = PBXFrameworksBuildPhase;
			buildActionMask = 2147483647;
			files = (
			);
			runOnlyForDeploymentPostprocessing = 0;
		};
/* End PBXFrameworksBuildPhase section */

/* Begin PBXGroup section */
		DDA5AF1C2CE168C3005EE4F8 = {
			isa = PBXGroup;
			children = (
				DDA5AF272CE168C3005EE4F8 /* Space Destroyers */,
				DDA5AF412CE168C5005EE4F8 /* Space DestroyersTests */,
				DDA5AF4B2CE168C5005EE4F8 /* Space DestroyersUITests */,
				DDA5AF262CE168C3005EE4F8 /* Products */,
			);
			sourceTree = "<group>";
		};
		DDA5AF262CE168C3005EE4F8 /* Products */ = {
			isa = PBXGroup;
			children = (
				DDA5AF252CE168C3005EE4F8 /* Space Destroyers.app */,
				DDA5AF3E2CE168C5005EE4F8 /* Space DestroyersTests.xctest */,
				DDA5AF482CE168C5005EE4F8 /* Space DestroyersUITests.xctest */,
			);
			name = Products;
			sourceTree = "<group>";
		};
/* End PBXGroup section */

/* Begin PBXNativeTarget section */
		DDA5AF242CE168C3005EE4F8 /* Space Destroyers */ = {
			isa = PBXNativeTarget;
			buildConfigurationList = DDA5AF522CE168C5005EE4F8 /* Build configuration list for PBXNativeTarget "Space Destroyers" */;
			buildPhases = (
				DDA5AF212CE168C3005EE4F8 /* Sources */,
				DDA5AF222CE168C3005EE4F8 /* Frameworks */,
				DDA5AF232CE168C3005EE4F8 /* Resources */,
			);
			buildRules = (
			);
			dependencies = (
			);
			fileSystemSynchronizedGroups = (
				DDA5AF272CE168C3005EE4F8 /* Space Destroyers */,
			);
			name = "Space Destroyers";
			packageProductDependencies = (
			);
			productName = "Space Destroyers";
			productReference = DDA5AF252CE168C3005EE4F8 /* Space Destroyers.app */;
			productType = "com.apple.product-type.application";
		};
		DDA5AF3D2CE168C5005EE4F8 /* Space DestroyersTests */ = {
			isa = PBXNativeTarget;
			buildConfigurationList = DDA5AF552CE168C5005EE4F8 /* Build configuration list for PBXNativeTarget "Space DestroyersTests" */;
			buildPhases = (
				DDA5AF3A2CE168C5005EE4F8 /* Sources */,
				DDA5AF3B2CE168C5005EE4F8 /* Frameworks */,
				DDA5AF3C2CE168C5005EE4F8 /* Resources */,
			);
			buildRules = (
			);
			dependencies = (
				DDA5AF402CE168C5005EE4F8 /* PBXTargetDependency */,
			);
			fileSystemSynchronizedGroups = (
				DDA5AF412CE168C5005EE4F8 /* Space DestroyersTests */,
			);
			name = "Space DestroyersTests";
			packageProductDependencies = (
			);
			productName = "Space DestroyersTests";
			productReference = DDA5AF3E2CE168C5005EE4F8 /* Space DestroyersTests.xctest */;
			productType = "com.apple.product-type.bundle.unit-test";
		};
		DDA5AF472CE168C5005EE4F8 /* Space DestroyersUITests */ = {
			isa = PBXNativeTarget;
			buildConfigurationList = DDA5AF582CE168C5005EE4F8 /* Build configuration list for PBXNativeTarget "Space DestroyersUITests" */;
			buildPhases = (
				DDA5AF442CE168C5005EE4F8 /* Sources */,
				DDA5AF452CE168C5005EE4F8 /* Frameworks */,
				DDA5AF462CE168C5005EE4F8 /* Resources */,
			);
			buildRules = (
			);
			dependencies = (
				DDA5AF4A2CE168C5005EE4F8 /* PBXTargetDependency */,
			);
			fileSystemSynchronizedGroups = (
				DDA5AF4B2CE168C5005EE4F8 /* Space DestroyersUITests */,
			);
			name = "Space DestroyersUITests";
			packageProductDependencies = (
			);
			productName = "Space DestroyersUITests";
			productReference = DDA5AF482CE168C5005EE4F8 /* Space DestroyersUITests.xctest */;
			productType = "com.apple.product-type.bundle.ui-testing";
		};
/* End PBXNativeTarget section */

/* Begin PBXProject section */
		DDA5AF1D2CE168C3005EE4F8 /* Project object */ = {
			isa = PBXProject;
			attributes = {
				BuildIndependentTargetsInParallel = 1;
				LastSwiftUpdateCheck = 1610;
				LastUpgradeCheck = 1610;
				TargetAttributes = {
					DDA5AF242CE168C3005EE4F8 = {
						CreatedOnToolsVersion = 16.1;
					};
					DDA5AF3D2CE168C5005EE4F8 = {
						CreatedOnToolsVersion = 16.1;
						TestTargetID = DDA5AF242CE168C3005EE4F8;
					};
					DDA5AF472CE168C5005EE4F8 = {
						CreatedOnToolsVersion = 16.1;
						TestTargetID = DDA5AF242CE168C3005EE4F8;
					};
				};
			};
			buildConfigurationList = DDA5AF202CE168C3005EE4F8 /* Build configuration list for PBXProject "Space Destroyers" */;
			developmentRegion = en;
			hasScannedForEncodings = 0;
			knownRegions = (
				en,
				Base,
			);
			mainGroup = DDA5AF1C2CE168C3005EE4F8;
			minimizedProjectReferenceProxies = 1;
			preferredProjectObjectVersion = 77;
			productRefGroup = DDA5AF262CE168C3005EE4F8 /* Products */;
			projectDirPath = "";
			projectRoot = "";
			targets = (
				DDA5AF242CE168C3005EE4F8 /* Space Destroyers */,
				DDA5AF3D2CE168C5005EE4F8 /* Space DestroyersTests */,
				DDA5AF472CE168C5005EE4F8 /* Space DestroyersUITests */,
			);
		};
/* End PBXProject section */

/* Begin PBXResourcesBuildPhase section */
		DDA5AF232CE168C3005EE4F8 /* Resources */ = {
			isa = PBXResourcesBuildPhase;
			buildActionMask = 2147483647;
			files = (
			);
			runOnlyForDeploymentPostprocessing = 0;
		};
		DDA5AF3C2CE168C5005EE4F8 /* Resources */ = {
			isa = PBXResourcesBuildPhase;
			buildActionMask = 2147483647;
			files = (
			);
			runOnlyForDeploymentPostprocessing = 0;
		};
		DDA5AF462CE168C5005EE4F8 /* Resources */ = {
			isa = PBXResourcesBuildPhase;
			buildActionMask = 2147483647;
			files = (
			);
			runOnlyForDeploymentPostprocessing = 0;
		};
/* End PBXResourcesBuildPhase section */

/* Begin PBXSourcesBuildPhase section */
		DDA5AF212CE168C3005EE4F8 /* Sources */ = {
			isa = PBXSourcesBuildPhase;
			buildActionMask = 2147483647;
			files = (
			);
			runOnlyForDeploymentPostprocessing = 0;
		};
		DDA5AF3A2CE168C5005EE4F8 /* Sources */ = {
			isa = PBXSourcesBuildPhase;
			buildActionMask = 2147483647;
			files = (
			);
			runOnlyForDeploymentPostprocessing = 0;
		};
		DDA5AF442CE168C5005EE4F8 /* Sources */ = {
			isa = PBXSourcesBuildPhase;
			buildActionMask = 2147483647;
			files = (
			);
			runOnlyForDeploymentPostprocessing = 0;
		};
/* End PBXSourcesBuildPhase section */

/* Begin PBXTargetDependency section */
		DDA5AF402CE168C5005EE4F8 /* PBXTargetDependency */ = {
			isa = PBXTargetDependency;
			target = DDA5AF242CE168C3005EE4F8 /* Space Destroyers */;
			targetProxy = DDA5AF3F2CE168C5005EE4F8 /* PBXContainerItemProxy */;
		};
		DDA5AF4A2CE168C5005EE4F8 /* PBXTargetDependency */ = {
			isa = PBXTargetDependency;
			target = DDA5AF242CE168C3005EE4F8 /* Space Destroyers */;
			targetProxy = DDA5AF492CE168C5005EE4F8 /* PBXContainerItemProxy */;
		};
/* End PBXTargetDependency section */

/* Begin XCBuildConfiguration section */
		DDA5AF502CE168C5005EE4F8 /* Debug */ = {
			isa = XCBuildConfiguration;
			buildSettings = {
				ALWAYS_SEARCH_USER_PATHS = NO;
				ASSETCATALOG_COMPILER_GENERATE_SWIFT_ASSET_SYMBOL_EXTENSIONS = YES;
				CLANG_ANALYZER_NONNULL = YES;
				CLANG_ANALYZER_NUMBER_OBJECT_CONVERSION = YES_AGGRESSIVE;
				CLANG_CXX_LANGUAGE_STANDARD = "gnu++20";
				CLANG_ENABLE_MODULES = YES;
				CLANG_ENABLE_OBJC_ARC = YES;
				CLANG_ENABLE_OBJC_WEAK = YES;
				CLANG_WARN_BLOCK_CAPTURE_AUTORELEASING = YES;
				CLANG_WARN_BOOL_CONVERSION = YES;
				CLANG_WARN_COMMA = YES;
				CLANG_WARN_CONSTANT_CONVERSION = YES;
				CLANG_WARN_DEPRECATED_OBJC_IMPLEMENTATIONS = YES;
				CLANG_WARN_DIRECT_OBJC_ISA_USAGE = YES_ERROR;
				CLANG_WARN_DOCUMENTATION_COMMENTS = YES;
				CLANG_WARN_EMPTY_BODY = YES;
				CLANG_WARN_ENUM_CONVERSION = YES;
				CLANG_WARN_INFINITE_RECURSION = YES;
				CLANG_WARN_INT_CONVERSION = YES;
				CLANG_WARN_NON_LITERAL_NULL_CONVERSION = YES;
				CLANG_WARN_OBJC_IMPLICIT_RETAIN_SELF = YES;
				CLANG_WARN_OBJC_LITERAL_CONVERSION = YES;
				CLANG_WARN_OBJC_ROOT_CLASS = YES_ERROR;
				CLANG_WARN_QUOTED_INCLUDE_IN_FRAMEWORK_HEADER = YES;
				CLANG_WARN_RANGE_LOOP_ANALYSIS = YES;
				CLANG_WARN_STRICT_PROTOTYPES = YES;
				CLANG_WARN_SUSPICIOUS_MOVE = YES;
				CLANG_WARN_UNGUARDED_AVAILABILITY = YES_AGGRESSIVE;
				CLANG_WARN_UNREACHABLE_CODE = YES;
				CLANG_WARN__DUPLICATE_METHOD_MATCH = YES;
				COPY_PHASE_STRIP = NO;
				DEBUG_INFORMATION_FORMAT = dwarf;
				ENABLE_STRICT_OBJC_MSGSEND = YES;
				ENABLE_TESTABILITY = YES;
				ENABLE_USER_SCRIPT_SANDBOXING = YES;
				GCC_C_LANGUAGE_STANDARD = gnu17;
				GCC_DYNAMIC_NO_PIC = NO;
				GCC_NO_COMMON_BLOCKS = YES;
				GCC_OPTIMIZATION_LEVEL = 0;
				GCC_PREPROCESSOR_DEFINITIONS = (
					"DEBUG=1",
					"$(inherited)",
				);
				GCC_WARN_64_TO_32_BIT_CONVERSION = YES;
				GCC_WARN_ABOUT_RETURN_TYPE = YES_ERROR;
				GCC_WARN_UNDECLARED_SELECTOR = YES;
				GCC_WARN_UNINITIALIZED_AUTOS = YES_AGGRESSIVE;
				GCC_WARN_UNUSED_FUNCTION = YES;
				GCC_WARN_UNUSED_VARIABLE = YES;
				IPHONEOS_DEPLOYMENT_TARGET = 18.1;
				LOCALIZATION_PREFERS_STRING_CATALOGS = YES;
				MTL_ENABLE_DEBUG_INFO = INCLUDE_SOURCE;
				MTL_FAST_MATH = YES;
				ONLY_ACTIVE_ARCH = YES;
				SDKROOT = iphoneos;
				SWIFT_ACTIVE_COMPILATION_CONDITIONS = "DEBUG $(inherited)";
				SWIFT_OPTIMIZATION_LEVEL = "-Onone";
			};
			name = Debug;
		};
		DDA5AF512CE168C5005EE4F8 /* Release */ = {
			isa = XCBuildConfiguration;
			buildSettings = {
				ALWAYS_SEARCH_USER_PATHS = NO;
				ASSETCATALOG_COMPILER_GENERATE_SWIFT_ASSET_SYMBOL_EXTENSIONS = YES;
				CLANG_ANALYZER_NONNULL = YES;
				CLANG_ANALYZER_NUMBER_OBJECT_CONVERSION = YES_AGGRESSIVE;
				CLANG_CXX_LANGUAGE_STANDARD = "gnu++20";
				CLANG_ENABLE_MODULES = YES;
				CLANG_ENABLE_OBJC_ARC = YES;
				CLANG_ENABLE_OBJC_WEAK = YES;
				CLANG_WARN_BLOCK_CAPTURE_AUTORELEASING = YES;
				CLANG_WARN_BOOL_CONVERSION = YES;
				CLANG_WARN_COMMA = YES;
				CLANG_WARN_CONSTANT_CONVERSION = YES;
				CLANG_WARN_DEPRECATED_OBJC_IMPLEMENTATIONS = YES;
				CLANG_WARN_DIRECT_OBJC_ISA_USAGE = YES_ERROR;
				CLANG_WARN_DOCUMENTATION_COMMENTS = YES;
				CLANG_WARN_EMPTY_BODY = YES;
				CLANG_WARN_ENUM_CONVERSION = YES;
				CLANG_WARN_INFINITE_RECURSION = YES;
				CLANG_WARN_INT_CONVERSION = YES;
				CLANG_WARN_NON_LITERAL_NULL_CONVERSION = YES;
				CLANG_WARN_OBJC_IMPLICIT_RETAIN_SELF = YES;
				CLANG_WARN_OBJC_LITERAL_CONVERSION = YES;
				CLANG_WARN_OBJC_ROOT_CLASS = YES_ERROR;
				CLANG_WARN_QUOTED_INCLUDE_IN_FRAMEWORK_HEADER = YES;
				CLANG_WARN_RANGE_LOOP_ANALYSIS = YES;
				CLANG_WARN_STRICT_PROTOTYPES = YES;
				CLANG_WARN_SUSPICIOUS_MOVE = YES;
				CLANG_WARN_UNGUARDED_AVAILABILITY = YES_AGGRESSIVE;
				CLANG_WARN_UNREACHABLE_CODE = YES;
				CLANG_WARN__DUPLICATE_METHOD_MATCH = YES;
				COPY_PHASE_STRIP = NO;
				DEBUG_INFORMATION_FORMAT = "dwarf-with-dsym";
				ENABLE_NS_ASSERTIONS = NO;
				ENABLE_STRICT_OBJC_MSGSEND = YES;
				ENABLE_USER_SCRIPT_SANDBOXING = YES;
				GCC_C_LANGUAGE_STANDARD = gnu17;
				GCC_NO_COMMON_BLOCKS = YES;
				GCC_WARN_64_TO_32_BIT_CONVERSION = YES;
				GCC_WARN_ABOUT_RETURN_TYPE = YES_ERROR;
				GCC_WARN_UNDECLARED_SELECTOR = YES;
				GCC_WARN_UNINITIALIZED_AUTOS = YES_AGGRESSIVE;
				GCC_WARN_UNUSED_FUNCTION = YES;
				GCC_WARN_UNUSED_VARIABLE = YES;
				IPHONEOS_DEPLOYMENT_TARGET = 18.1;
				LOCALIZATION_PREFERS_STRING_CATALOGS = YES;
				MTL_ENABLE_DEBUG_INFO = NO;
				MTL_FAST_MATH = YES;
				SDKROOT = iphoneos;
				SWIFT_COMPILATION_MODE = wholemodule;
				VALIDATE_PRODUCT = YES;
			};
			name = Release;
		};
		DDA5AF532CE168C5005EE4F8 /* Debug */ = {
			isa = XCBuildConfiguration;
			buildSettings = {
				ASSETCATALOG_COMPILER_APPICON_NAME = AppIcon;
				ASSETCATALOG_COMPILER_GLOBAL_ACCENT_COLOR_NAME = AccentColor;
				CODE_SIGN_STYLE = Automatic;
				CURRENT_PROJECT_VERSION = 1;
				GENERATE_INFOPLIST_FILE = YES;
				INFOPLIST_KEY_UIApplicationSupportsIndirectInputEvents = YES;
				INFOPLIST_KEY_UILaunchStoryboardName = LaunchScreen;
				INFOPLIST_KEY_UIMainStoryboardFile = Main;
				INFOPLIST_KEY_UIStatusBarHidden = YES;
				INFOPLIST_KEY_UISupportedInterfaceOrientations_iPad = "UIInterfaceOrientationPortrait UIInterfaceOrientationPortraitUpsideDown UIInterfaceOrientationLandscapeLeft UIInterfaceOrientationLandscapeRight";
				INFOPLIST_KEY_UISupportedInterfaceOrientations_iPhone = "UIInterfaceOrientationPortrait UIInterfaceOrientationLandscapeLeft UIInterfaceOrientationLandscapeRight";
				LD_RUNPATH_SEARCH_PATHS = (
					"$(inherited)",
					"@executable_path/Frameworks",
				);
				MARKETING_VERSION = 1.0;
				PRODUCT_BUNDLE_IDENTIFIER = "CMU.Space-Destroyers";
				PRODUCT_NAME = "$(TARGET_NAME)";
				SWIFT_EMIT_LOC_STRINGS = YES;
				SWIFT_VERSION = 5.0;
				TARGETED_DEVICE_FAMILY = "1,2";
			};
			name = Debug;
		};
		DDA5AF542CE168C5005EE4F8 /* Release */ = {
			isa = XCBuildConfiguration;
			buildSettings = {
				ASSETCATALOG_COMPILER_APPICON_NAME = AppIcon;
				ASSETCATALOG_COMPILER_GLOBAL_ACCENT_COLOR_NAME = AccentColor;
				CODE_SIGN_STYLE = Automatic;
				CURRENT_PROJECT_VERSION = 1;
				GENERATE_INFOPLIST_FILE = YES;
				INFOPLIST_KEY_UIApplicationSupportsIndirectInputEvents = YES;
				INFOPLIST_KEY_UILaunchStoryboardName = LaunchScreen;
				INFOPLIST_KEY_UIMainStoryboardFile = Main;
				INFOPLIST_KEY_UIStatusBarHidden = YES;
				INFOPLIST_KEY_UISupportedInterfaceOrientations_iPad = "UIInterfaceOrientationPortrait UIInterfaceOrientationPortraitUpsideDown UIInterfaceOrientationLandscapeLeft UIInterfaceOrientationLandscapeRight";
				INFOPLIST_KEY_UISupportedInterfaceOrientations_iPhone = "UIInterfaceOrientationPortrait UIInterfaceOrientationLandscapeLeft UIInterfaceOrientationLandscapeRight";
				LD_RUNPATH_SEARCH_PATHS = (
					"$(inherited)",
					"@executable_path/Frameworks",
				);
				MARKETING_VERSION = 1.0;
				PRODUCT_BUNDLE_IDENTIFIER = "CMU.Space-Destroyers";
				PRODUCT_NAME = "$(TARGET_NAME)";
				SWIFT_EMIT_LOC_STRINGS = YES;
				SWIFT_VERSION = 5.0;
				TARGETED_DEVICE_FAMILY = "1,2";
			};
			name = Release;
		};
		DDA5AF562CE168C5005EE4F8 /* Debug */ = {
			isa = XCBuildConfiguration;
			buildSettings = {
				BUNDLE_LOADER = "$(TEST_HOST)";
				CODE_SIGN_STYLE = Automatic;
				CURRENT_PROJECT_VERSION = 1;
				GENERATE_INFOPLIST_FILE = YES;
				IPHONEOS_DEPLOYMENT_TARGET = 18.1;
				MARKETING_VERSION = 1.0;
				PRODUCT_BUNDLE_IDENTIFIER = "CMU.Space-DestroyersTests";
				PRODUCT_NAME = "$(TARGET_NAME)";
				SWIFT_EMIT_LOC_STRINGS = NO;
				SWIFT_VERSION = 5.0;
				TARGETED_DEVICE_FAMILY = "1,2";
				TEST_HOST = "$(BUILT_PRODUCTS_DIR)/Space Destroyers.app/$(BUNDLE_EXECUTABLE_FOLDER_PATH)/Space Destroyers";
			};
			name = Debug;
		};
		DDA5AF572CE168C5005EE4F8 /* Release */ = {
			isa = XCBuildConfiguration;
			buildSettings = {
				BUNDLE_LOADER = "$(TEST_HOST)";
				CODE_SIGN_STYLE = Automatic;
				CURRENT_PROJECT_VERSION = 1;
				GENERATE_INFOPLIST_FILE = YES;
				IPHONEOS_DEPLOYMENT_TARGET = 18.1;
				MARKETING_VERSION = 1.0;
				PRODUCT_BUNDLE_IDENTIFIER = "CMU.Space-DestroyersTests";
				PRODUCT_NAME = "$(TARGET_NAME)";
				SWIFT_EMIT_LOC_STRINGS = NO;
				SWIFT_VERSION = 5.0;
				TARGETED_DEVICE_FAMILY = "1,2";
				TEST_HOST = "$(BUILT_PRODUCTS_DIR)/Space Destroyers.app/$(BUNDLE_EXECUTABLE_FOLDER_PATH)/Space Destroyers";
			};
			name = Release;
		};
		DDA5AF592CE168C5005EE4F8 /* Debug */ = {
			isa = XCBuildConfiguration;
			buildSettings = {
				CODE_SIGN_STYLE = Automatic;
				CURRENT_PROJECT_VERSION = 1;
				GENERATE_INFOPLIST_FILE = YES;
				MARKETING_VERSION = 1.0;
				PRODUCT_BUNDLE_IDENTIFIER = "CMU.Space-DestroyersUITests";
				PRODUCT_NAME = "$(TARGET_NAME)";
				SWIFT_EMIT_LOC_STRINGS = NO;
				SWIFT_VERSION = 5.0;
				TARGETED_DEVICE_FAMILY = "1,2";
				TEST_TARGET_NAME = "Space Destroyers";
			};
			name = Debug;
		};
		DDA5AF5A2CE168C5005EE4F8 /* Release */ = {
			isa = XCBuildConfiguration;
			buildSettings = {
				CODE_SIGN_STYLE = Automatic;
				CURRENT_PROJECT_VERSION = 1;
				GENERATE_INFOPLIST_FILE = YES;
				MARKETING_VERSION = 1.0;
				PRODUCT_BUNDLE_IDENTIFIER = "CMU.Space-DestroyersUITests";
				PRODUCT_NAME = "$(TARGET_NAME)";
				SWIFT_EMIT_LOC_STRINGS = NO;
				SWIFT_VERSION = 5.0;
				TARGETED_DEVICE_FAMILY = "1,2";
				TEST_TARGET_NAME = "Space Destroyers";
			};
			name = Release;
		};
/* End XCBuildConfiguration section */

/* Begin XCConfigurationList section */
		DDA5AF202CE168C3005EE4F8 /* Build configuration list for PBXProject "Space Destroyers" */ = {
			isa = XCConfigurationList;
			buildConfigurations = (
				DDA5AF502CE168C5005EE4F8 /* Debug */,
				DDA5AF512CE168C5005EE4F8 /* Release */,
			);
			defaultConfigurationIsVisible = 0;
			defaultConfigurationName = Release;
		};
		DDA5AF522CE168C5005EE4F8 /* Build configuration list for PBXNativeTarget "Space Destroyers" */ = {
			isa = XCConfigurationList;
			buildConfigurations = (
				DDA5AF532CE168C5005EE4F8 /* Debug */,
				DDA5AF542CE168C5005EE4F8 /* Release */,
			);
			defaultConfigurationIsVisible = 0;
			defaultConfigurationName = Release;
		};
		DDA5AF552CE168C5005EE4F8 /* Build configuration list for PBXNativeTarget "Space DestroyersTests" */ = {
			isa = XCConfigurationList;
			buildConfigurations = (
				DDA5AF562CE168C5005EE4F8 /* Debug */,
				DDA5AF572CE168C5005EE4F8 /* Release */,
			);
			defaultConfigurationIsVisible = 0;
			defaultConfigurationName = Release;
		};
		DDA5AF582CE168C5005EE4F8 /* Build configuration list for PBXNativeTarget "Space DestroyersUITests" */ = {
			isa = XCConfigurationList;
			buildConfigurations = (
				DDA5AF592CE168C5005EE4F8 /* Debug */,
				DDA5AF5A2CE168C5005EE4F8 /* Release */,
			);
			defaultConfigurationIsVisible = 0;
			defaultConfigurationName = Release;
		};
/* End XCConfigurationList section */
	};
	rootObject = DDA5AF1D2CE168C3005EE4F8 /* Project object */;
}
